
Microsoft Visual Studio Solution File, Format Version 12.00
# Visual Studio 2012
Project("{8BC9CEB8-8B4A-11D0-8D11-00A0C91BC942}") = "MFCDemo", "MFCDemo\MFCDemo.vcxproj", "{224BE1EE-AF16-4A10-9931-23E3589ACD52}"
EndProject
Global
	GlobalSection(SolutionConfigurationPlatforms) = preSolution
		Debug|Win32 = Debug|Win32
		Release|Win32 = Release|Win32
	EndGlobalSection
	GlobalSection(ProjectConfigurationPlatforms) = postSolution
		{224BE1EE-AF16-4A10-9931-23E3589ACD52}.Debug|Win32.ActiveCfg = Debug|Win32
		{224BE1EE-AF16-4A10-9931-23E3589ACD52}.Debug|Win32.Build.0 = Debug|Win32
		{224BE1EE-AF16-4A10-9931-23E3589ACD52}.Release|Win32.ActiveCfg = Release|Win32
		{224BE1EE-AF16-4A10-9931-23E3589ACD52}.Release|Win32.Build.0 = Release|Win32
	EndGlobalSection
	GlobalSection(SolutionProperties) = preSolution
		HideSolutionNode = FALSE
	EndGlobalSection
EndGlobal
