
Microsoft Visual Studio Solution File, Format Version 12.00
# Visual Studio 2012
Project("{8BC9CEB8-8B4A-11D0-8D11-00A0C91BC942}") = "MFCControlManagement", "MFCControlManagement\MFCControlManagement.vcxproj", "{1AFBE508-9856-4611-9318-D03CF96E3791}"
EndProject
Global
	GlobalSection(SolutionConfigurationPlatforms) = preSolution
		Debug|Win32 = Debug|Win32
		Release|Win32 = Release|Win32
	EndGlobalSection
	GlobalSection(ProjectConfigurationPlatforms) = postSolution
		{1AFBE508-9856-4611-9318-D03CF96E3791}.Debug|Win32.ActiveCfg = Debug|Win32
		{1AFBE508-9856-4611-9318-D03CF96E3791}.Debug|Win32.Build.0 = Debug|Win32
		{1AFBE508-9856-4611-9318-D03CF96E3791}.Release|Win32.ActiveCfg = Release|Win32
		{1AFBE508-9856-4611-9318-D03CF96E3791}.Release|Win32.Build.0 = Release|Win32
	EndGlobalSection
	GlobalSection(SolutionProperties) = preSolution
		HideSolutionNode = FALSE
	EndGlobalSection
EndGlobal
